
Microsoft Visual Studio Solution File, Format Version 12.00
# Visual Studio Version 17
VisualStudioVersion = 17.13.35828.75 d17.13
MinimumVisualStudioVersion = 10.0.40219.1
Project("{FAE04EC0-301F-11D3-BF4B-00C04F79EFBC}") = "ResultModelsDotNet", "ResultModelsDotNet\ResultModelsDotNet.csproj", "{F18F3F22-6195-4C1C-86AA-C33449C1AC69}"
EndProject
Global
	GlobalSection(SolutionConfigurationPlatforms) = preSolution
		Debug|Any CPU = Debug|Any CPU
		Release|Any CPU = Release|Any CPU
	EndGlobalSection
	GlobalSection(ProjectConfigurationPlatforms) = postSolution
		{F18F3F22-6195-4C1C-86AA-C33449C1AC69}.Debug|Any CPU.ActiveCfg = Debug|Any CPU
		{F18F3F22-6195-4C1C-86AA-C33449C1AC69}.Debug|Any CPU.Build.0 = Debug|Any CPU
		{F18F3F22-6195-4C1C-86AA-C33449C1AC69}.Release|Any CPU.ActiveCfg = Release|Any CPU
		{F18F3F22-6195-4C1C-86AA-C33449C1AC69}.Release|Any CPU.Build.0 = Release|Any CPU
	EndGlobalSection
	GlobalSection(SolutionProperties) = preSolution
		HideSolutionNode = FALSE
	EndGlobalSection
	GlobalSection(ExtensibilityGlobals) = postSolution
		SolutionGuid = {45B493E6-A394-4B88-9C0E-F2EF17F8E541}
	EndGlobalSection
EndGlobal
